
Microsoft Visual Studio Solution File, Format Version 12.00
# Visual Studio Version 17
VisualStudioVersion = 17.3.32929.385
MinimumVisualStudioVersion = 10.0.40219.1
Project("{9A19103F-16F7-4668-BE54-9A1E7A4F7556}") = "Kata-Potter", "Kata-Potter\Kata-Potter.csproj", "{DB33FBB5-2475-45DC-9350-67CB9E7C49BB}"
EndProject
Project("{9A19103F-16F7-4668-BE54-9A1E7A4F7556}") = "Potter-Domain", "Potter-Domain\Potter-Domain.csproj", "{EA527761-0883-4A80-8DAF-AE13E923D60C}"
EndProject
Project("{9A19103F-16F7-4668-BE54-9A1E7A4F7556}") = "Potter-DAL", "Potter-DAL\Potter-DAL.csproj", "{09571A09-FFF9-4BEA-A7BC-02145155FE33}"
EndProject
Project("{9A19103F-16F7-4668-BE54-9A1E7A4F7556}") = "Potter-BLL", "Potter-BLL\Potter-BLL.csproj", "{01231049-416A-4166-92D5-C87561B4D883}"
EndProject
Project("{9A19103F-16F7-4668-BE54-9A1E7A4F7556}") = "Potter-UnitTests", "Potter-UnitTests\Potter-UnitTests.csproj", "{4A4A8631-9D9F-44AE-91AC-2216DC5AB7AA}"
EndProject
Global
	GlobalSection(SolutionConfigurationPlatforms) = preSolution
		Debug|Any CPU = Debug|Any CPU
		Release|Any CPU = Release|Any CPU
	EndGlobalSection
	GlobalSection(ProjectConfigurationPlatforms) = postSolution
		{DB33FBB5-2475-45DC-9350-67CB9E7C49BB}.Debug|Any CPU.ActiveCfg = Debug|Any CPU
		{DB33FBB5-2475-45DC-9350-67CB9E7C49BB}.Debug|Any CPU.Build.0 = Debug|Any CPU
		{DB33FBB5-2475-45DC-9350-67CB9E7C49BB}.Release|Any CPU.ActiveCfg = Release|Any CPU
		{DB33FBB5-2475-45DC-9350-67CB9E7C49BB}.Release|Any CPU.Build.0 = Release|Any CPU
		{EA527761-0883-4A80-8DAF-AE13E923D60C}.Debug|Any CPU.ActiveCfg = Debug|Any CPU
		{EA527761-0883-4A80-8DAF-AE13E923D60C}.Debug|Any CPU.Build.0 = Debug|Any CPU
		{EA527761-0883-4A80-8DAF-AE13E923D60C}.Release|Any CPU.ActiveCfg = Release|Any CPU
		{EA527761-0883-4A80-8DAF-AE13E923D60C}.Release|Any CPU.Build.0 = Release|Any CPU
		{09571A09-FFF9-4BEA-A7BC-02145155FE33}.Debug|Any CPU.ActiveCfg = Debug|Any CPU
		{09571A09-FFF9-4BEA-A7BC-02145155FE33}.Debug|Any CPU.Build.0 = Debug|Any CPU
		{09571A09-FFF9-4BEA-A7BC-02145155FE33}.Release|Any CPU.ActiveCfg = Release|Any CPU
		{09571A09-FFF9-4BEA-A7BC-02145155FE33}.Release|Any CPU.Build.0 = Release|Any CPU
		{01231049-416A-4166-92D5-C87561B4D883}.Debug|Any CPU.ActiveCfg = Debug|Any CPU
		{01231049-416A-4166-92D5-C87561B4D883}.Debug|Any CPU.Build.0 = Debug|Any CPU
		{01231049-416A-4166-92D5-C87561B4D883}.Release|Any CPU.ActiveCfg = Release|Any CPU
		{01231049-416A-4166-92D5-C87561B4D883}.Release|Any CPU.Build.0 = Release|Any CPU
		{4A4A8631-9D9F-44AE-91AC-2216DC5AB7AA}.Debug|Any CPU.ActiveCfg = Debug|Any CPU
		{4A4A8631-9D9F-44AE-91AC-2216DC5AB7AA}.Debug|Any CPU.Build.0 = Debug|Any CPU
		{4A4A8631-9D9F-44AE-91AC-2216DC5AB7AA}.Release|Any CPU.ActiveCfg = Release|Any CPU
		{4A4A8631-9D9F-44AE-91AC-2216DC5AB7AA}.Release|Any CPU.Build.0 = Release|Any CPU
	EndGlobalSection
	GlobalSection(SolutionProperties) = preSolution
		HideSolutionNode = FALSE
	EndGlobalSection
	GlobalSection(ExtensibilityGlobals) = postSolution
		SolutionGuid = {886D5727-BD31-4A58-99AE-13231113FD44}
	EndGlobalSection
EndGlobal
